
Microsoft Visual Studio Solution File, Format Version 12.00
# Visual Studio 15
VisualStudioVersion = 15.0.27703.2042
MinimumVisualStudioVersion = 10.0.40219.1
Project("{FAE04EC0-301F-11D3-BF4B-00C04F79EFBC}") = "libTask1", "libTask1\libTask1.csproj", "{40F6018D-9FF0-4146-BFA3-88E95722D03B}"
EndProject
Project("{FAE04EC0-301F-11D3-BF4B-00C04F79EFBC}") = "Task1GUI", "Task1GUI\Task1GUI.csproj", "{BF12FD39-E83B-43BF-9BFA-050CB326F509}"
EndProject
Project("{FAE04EC0-301F-11D3-BF4B-00C04F79EFBC}") = "libTask2", "libTask2\libTask2.csproj", "{1A1907CB-B032-49DE-BFB4-01852B2E592D}"
EndProject
Project("{FAE04EC0-301F-11D3-BF4B-00C04F79EFBC}") = "Task2GUI", "2.19\Task2GUI.csproj", "{59493FEA-FB22-48CD-8600-BB377147C3C8}"
EndProject
Project("{FAE04EC0-301F-11D3-BF4B-00C04F79EFBC}") = "libTask3", "libTask3\libTask3.csproj", "{34D54DAE-DD00-49BE-96B8-515D0F50D93A}"
EndProject
Project("{FAE04EC0-301F-11D3-BF4B-00C04F79EFBC}") = "Task3GUI", "Task3GUI\Task3GUI.csproj", "{26386651-8366-48D1-BA2A-C50281B8BFA0}"
EndProject
Project("{2150E333-8FDC-42A3-9474-1A3956D46DE8}") = "Task1", "Task1", "{87E16D55-7976-4433-B21E-0F501A65D1F5}"
EndProject
Project("{2150E333-8FDC-42A3-9474-1A3956D46DE8}") = "Task2", "Task2", "{8E05F18F-77A0-4D00-9812-C2586EC2FCD9}"
EndProject
Project("{2150E333-8FDC-42A3-9474-1A3956D46DE8}") = "Task3", "Task3", "{46178E06-3A98-4A5A-8047-0E5996635B9D}"
EndProject
Project("{2150E333-8FDC-42A3-9474-1A3956D46DE8}") = "Task4-5", "Task4-5", "{C982A299-A805-4A18-9B91-41A463E477E6}"
EndProject
Project("{FAE04EC0-301F-11D3-BF4B-00C04F79EFBC}") = "Task4GUI", "Task4GUI\Task4GUI.csproj", "{F3280338-F02D-4D62-8983-F4D640389021}"
EndProject
Project("{FAE04EC0-301F-11D3-BF4B-00C04F79EFBC}") = "libTask4", "libTask4\libTask4.csproj", "{2271CB26-9FFE-4C51-85E5-37CED7395C9E}"
EndProject
Project("{FAE04EC0-301F-11D3-BF4B-00C04F79EFBC}") = "libVisual", "libVisual\libVisual.csproj", "{D0619F57-B76C-4BBA-B5A1-A97A18B92AA8}"
EndProject
Project("{2150E333-8FDC-42A3-9474-1A3956D46DE8}") = "Task6", "Task6", "{DB596320-3FF2-4280-B756-23F57588E420}"
EndProject
Project("{FAE04EC0-301F-11D3-BF4B-00C04F79EFBC}") = "Task6GUI", "Task6GUI\Task6GUI.csproj", "{809EB7E5-3FB3-49DF-BABA-3C8C079BAB2A}"
EndProject
Project("{FAE04EC0-301F-11D3-BF4B-00C04F79EFBC}") = "libReflection", "libReflection\libReflection.csproj", "{71722D1E-929E-49E4-9610-2917805ED9CF}"
EndProject
Global
	GlobalSection(SolutionConfigurationPlatforms) = preSolution
		Debug|Any CPU = Debug|Any CPU
		Release|Any CPU = Release|Any CPU
	EndGlobalSection
	GlobalSection(ProjectConfigurationPlatforms) = postSolution
		{40F6018D-9FF0-4146-BFA3-88E95722D03B}.Debug|Any CPU.ActiveCfg = Debug|Any CPU
		{40F6018D-9FF0-4146-BFA3-88E95722D03B}.Debug|Any CPU.Build.0 = Debug|Any CPU
		{40F6018D-9FF0-4146-BFA3-88E95722D03B}.Release|Any CPU.ActiveCfg = Release|Any CPU
		{40F6018D-9FF0-4146-BFA3-88E95722D03B}.Release|Any CPU.Build.0 = Release|Any CPU
		{BF12FD39-E83B-43BF-9BFA-050CB326F509}.Debug|Any CPU.ActiveCfg = Debug|Any CPU
		{BF12FD39-E83B-43BF-9BFA-050CB326F509}.Debug|Any CPU.Build.0 = Debug|Any CPU
		{BF12FD39-E83B-43BF-9BFA-050CB326F509}.Release|Any CPU.ActiveCfg = Release|Any CPU
		{BF12FD39-E83B-43BF-9BFA-050CB326F509}.Release|Any CPU.Build.0 = Release|Any CPU
		{1A1907CB-B032-49DE-BFB4-01852B2E592D}.Debug|Any CPU.ActiveCfg = Debug|Any CPU
		{1A1907CB-B032-49DE-BFB4-01852B2E592D}.Debug|Any CPU.Build.0 = Debug|Any CPU
		{1A1907CB-B032-49DE-BFB4-01852B2E592D}.Release|Any CPU.ActiveCfg = Release|Any CPU
		{1A1907CB-B032-49DE-BFB4-01852B2E592D}.Release|Any CPU.Build.0 = Release|Any CPU
		{59493FEA-FB22-48CD-8600-BB377147C3C8}.Debug|Any CPU.ActiveCfg = Debug|Any CPU
		{59493FEA-FB22-48CD-8600-BB377147C3C8}.Debug|Any CPU.Build.0 = Debug|Any CPU
		{59493FEA-FB22-48CD-8600-BB377147C3C8}.Release|Any CPU.ActiveCfg = Release|Any CPU
		{59493FEA-FB22-48CD-8600-BB377147C3C8}.Release|Any CPU.Build.0 = Release|Any CPU
		{34D54DAE-DD00-49BE-96B8-515D0F50D93A}.Debug|Any CPU.ActiveCfg = Debug|Any CPU
		{34D54DAE-DD00-49BE-96B8-515D0F50D93A}.Debug|Any CPU.Build.0 = Debug|Any CPU
		{34D54DAE-DD00-49BE-96B8-515D0F50D93A}.Release|Any CPU.ActiveCfg = Release|Any CPU
		{34D54DAE-DD00-49BE-96B8-515D0F50D93A}.Release|Any CPU.Build.0 = Release|Any CPU
		{26386651-8366-48D1-BA2A-C50281B8BFA0}.Debug|Any CPU.ActiveCfg = Debug|Any CPU
		{26386651-8366-48D1-BA2A-C50281B8BFA0}.Debug|Any CPU.Build.0 = Debug|Any CPU
		{26386651-8366-48D1-BA2A-C50281B8BFA0}.Release|Any CPU.ActiveCfg = Release|Any CPU
		{26386651-8366-48D1-BA2A-C50281B8BFA0}.Release|Any CPU.Build.0 = Release|Any CPU
		{F3280338-F02D-4D62-8983-F4D640389021}.Debug|Any CPU.ActiveCfg = Debug|Any CPU
		{F3280338-F02D-4D62-8983-F4D640389021}.Debug|Any CPU.Build.0 = Debug|Any CPU
		{F3280338-F02D-4D62-8983-F4D640389021}.Release|Any CPU.ActiveCfg = Release|Any CPU
		{F3280338-F02D-4D62-8983-F4D640389021}.Release|Any CPU.Build.0 = Release|Any CPU
		{2271CB26-9FFE-4C51-85E5-37CED7395C9E}.Debug|Any CPU.ActiveCfg = Debug|Any CPU
		{2271CB26-9FFE-4C51-85E5-37CED7395C9E}.Debug|Any CPU.Build.0 = Debug|Any CPU
		{2271CB26-9FFE-4C51-85E5-37CED7395C9E}.Release|Any CPU.ActiveCfg = Release|Any CPU
		{2271CB26-9FFE-4C51-85E5-37CED7395C9E}.Release|Any CPU.Build.0 = Release|Any CPU
		{D0619F57-B76C-4BBA-B5A1-A97A18B92AA8}.Debug|Any CPU.ActiveCfg = Debug|Any CPU
		{D0619F57-B76C-4BBA-B5A1-A97A18B92AA8}.Debug|Any CPU.Build.0 = Debug|Any CPU
		{D0619F57-B76C-4BBA-B5A1-A97A18B92AA8}.Release|Any CPU.ActiveCfg = Release|Any CPU
		{D0619F57-B76C-4BBA-B5A1-A97A18B92AA8}.Release|Any CPU.Build.0 = Release|Any CPU
		{809EB7E5-3FB3-49DF-BABA-3C8C079BAB2A}.Debug|Any CPU.ActiveCfg = Debug|Any CPU
		{809EB7E5-3FB3-49DF-BABA-3C8C079BAB2A}.Debug|Any CPU.Build.0 = Debug|Any CPU
		{809EB7E5-3FB3-49DF-BABA-3C8C079BAB2A}.Release|Any CPU.ActiveCfg = Release|Any CPU
		{809EB7E5-3FB3-49DF-BABA-3C8C079BAB2A}.Release|Any CPU.Build.0 = Release|Any CPU
		{71722D1E-929E-49E4-9610-2917805ED9CF}.Debug|Any CPU.ActiveCfg = Debug|Any CPU
		{71722D1E-929E-49E4-9610-2917805ED9CF}.Debug|Any CPU.Build.0 = Debug|Any CPU
		{71722D1E-929E-49E4-9610-2917805ED9CF}.Release|Any CPU.ActiveCfg = Release|Any CPU
		{71722D1E-929E-49E4-9610-2917805ED9CF}.Release|Any CPU.Build.0 = Release|Any CPU
	EndGlobalSection
	GlobalSection(SolutionProperties) = preSolution
		HideSolutionNode = FALSE
	EndGlobalSection
	GlobalSection(NestedProjects) = preSolution
		{40F6018D-9FF0-4146-BFA3-88E95722D03B} = {87E16D55-7976-4433-B21E-0F501A65D1F5}
		{BF12FD39-E83B-43BF-9BFA-050CB326F509} = {87E16D55-7976-4433-B21E-0F501A65D1F5}
		{1A1907CB-B032-49DE-BFB4-01852B2E592D} = {8E05F18F-77A0-4D00-9812-C2586EC2FCD9}
		{59493FEA-FB22-48CD-8600-BB377147C3C8} = {8E05F18F-77A0-4D00-9812-C2586EC2FCD9}
		{34D54DAE-DD00-49BE-96B8-515D0F50D93A} = {46178E06-3A98-4A5A-8047-0E5996635B9D}
		{26386651-8366-48D1-BA2A-C50281B8BFA0} = {46178E06-3A98-4A5A-8047-0E5996635B9D}
		{F3280338-F02D-4D62-8983-F4D640389021} = {C982A299-A805-4A18-9B91-41A463E477E6}
		{2271CB26-9FFE-4C51-85E5-37CED7395C9E} = {C982A299-A805-4A18-9B91-41A463E477E6}
		{D0619F57-B76C-4BBA-B5A1-A97A18B92AA8} = {C982A299-A805-4A18-9B91-41A463E477E6}
		{809EB7E5-3FB3-49DF-BABA-3C8C079BAB2A} = {DB596320-3FF2-4280-B756-23F57588E420}
		{71722D1E-929E-49E4-9610-2917805ED9CF} = {DB596320-3FF2-4280-B756-23F57588E420}
	EndGlobalSection
	GlobalSection(ExtensibilityGlobals) = postSolution
		SolutionGuid = {19F3036F-1A52-4ECF-9383-9D5735D54061}
	EndGlobalSection
EndGlobal
